
Microsoft Visual Studio Solution File, Format Version 12.00
# Visual Studio Version 16
VisualStudioVersion = 16.0.31605.320
MinimumVisualStudioVersion = 10.0.40219.1
Project("{FAE04EC0-301F-11D3-BF4B-00C04F79EFBC}") = "Ch22_CarInventoryUpdator", "Ch22_CarInventoryUpdator\Ch22_CarInventoryUpdator.csproj", "{E64A40FD-E8AA-48DB-AA08-DC08F303899F}"
EndProject
Global
	GlobalSection(SolutionConfigurationPlatforms) = preSolution
		Debug|Any CPU = Debug|Any CPU
		Release|Any CPU = Release|Any CPU
	EndGlobalSection
	GlobalSection(ProjectConfigurationPlatforms) = postSolution
		{E64A40FD-E8AA-48DB-AA08-DC08F303899F}.Debug|Any CPU.ActiveCfg = Debug|Any CPU
		{E64A40FD-E8AA-48DB-AA08-DC08F303899F}.Debug|Any CPU.Build.0 = Debug|Any CPU
		{E64A40FD-E8AA-48DB-AA08-DC08F303899F}.Release|Any CPU.ActiveCfg = Release|Any CPU
		{E64A40FD-E8AA-48DB-AA08-DC08F303899F}.Release|Any CPU.Build.0 = Release|Any CPU
	EndGlobalSection
	GlobalSection(SolutionProperties) = preSolution
		HideSolutionNode = FALSE
	EndGlobalSection
	GlobalSection(ExtensibilityGlobals) = postSolution
		SolutionGuid = {C8C9C4CE-CCE0-4A77-855C-58EFA369B869}
	EndGlobalSection
EndGlobal
